
Microsoft Visual Studio Solution File, Format Version 12.00
# Visual Studio Version 17
VisualStudioVersion = 17.14.36414.22 d17.14
MinimumVisualStudioVersion = 10.0.40219.1
Project("{FAE04EC0-301F-11D3-BF4B-00C04F79EFBC}") = "BankingApp.Api", "BankingApp.Api\BankingApp.Api.csproj", "{A648B6D4-647B-4D1A-90AE-941D1BAFC2F8}"
EndProject
Project("{FAE04EC0-301F-11D3-BF4B-00C04F79EFBC}") = "BankingApp.Domain", "BankingApp.Domain\BankingApp.Domain.csproj", "{92B7596C-0B6E-4483-BDB5-068E8435351A}"
EndProject
Project("{FAE04EC0-301F-11D3-BF4B-00C04F79EFBC}") = "BankingApp.Infra", "BankingApp.Infra\BankingApp.Infra.csproj", "{6A13F190-787F-4411-9AB3-D57BE6F6CD90}"
EndProject
Global
	GlobalSection(SolutionConfigurationPlatforms) = preSolution
		Debug|Any CPU = Debug|Any CPU
		Release|Any CPU = Release|Any CPU
	EndGlobalSection
	GlobalSection(ProjectConfigurationPlatforms) = postSolution
		{A648B6D4-647B-4D1A-90AE-941D1BAFC2F8}.Debug|Any CPU.ActiveCfg = Debug|Any CPU
		{A648B6D4-647B-4D1A-90AE-941D1BAFC2F8}.Debug|Any CPU.Build.0 = Debug|Any CPU
		{A648B6D4-647B-4D1A-90AE-941D1BAFC2F8}.Release|Any CPU.ActiveCfg = Release|Any CPU
		{A648B6D4-647B-4D1A-90AE-941D1BAFC2F8}.Release|Any CPU.Build.0 = Release|Any CPU
		{92B7596C-0B6E-4483-BDB5-068E8435351A}.Debug|Any CPU.ActiveCfg = Debug|Any CPU
		{92B7596C-0B6E-4483-BDB5-068E8435351A}.Debug|Any CPU.Build.0 = Debug|Any CPU
		{92B7596C-0B6E-4483-BDB5-068E8435351A}.Release|Any CPU.ActiveCfg = Release|Any CPU
		{92B7596C-0B6E-4483-BDB5-068E8435351A}.Release|Any CPU.Build.0 = Release|Any CPU
		{6A13F190-787F-4411-9AB3-D57BE6F6CD90}.Debug|Any CPU.ActiveCfg = Debug|Any CPU
		{6A13F190-787F-4411-9AB3-D57BE6F6CD90}.Debug|Any CPU.Build.0 = Debug|Any CPU
		{6A13F190-787F-4411-9AB3-D57BE6F6CD90}.Release|Any CPU.ActiveCfg = Release|Any CPU
		{6A13F190-787F-4411-9AB3-D57BE6F6CD90}.Release|Any CPU.Build.0 = Release|Any CPU
	EndGlobalSection
	GlobalSection(SolutionProperties) = preSolution
		HideSolutionNode = FALSE
	EndGlobalSection
	GlobalSection(ExtensibilityGlobals) = postSolution
		SolutionGuid = {F138F8FC-2052-496B-A257-25F46F413545}
	EndGlobalSection
EndGlobal
